
Microsoft Visual Studio Solution File, Format Version 12.00
# Visual Studio 15
VisualStudioVersion = 15.0.28307.852
MinimumVisualStudioVersion = 10.0.40219.1
Project("{FAE04EC0-301F-11D3-BF4B-00C04F79EFBC}") = "SymbriumTestCSharp", "SymbriumTestCSharp\SymbriumTestCSharp.csproj", "{81158D40-13DD-4D84-8C57-3484F9D86E27}"
EndProject
Global
	GlobalSection(SolutionConfigurationPlatforms) = preSolution
		Debug|Any CPU = Debug|Any CPU
		Release|Any CPU = Release|Any CPU
	EndGlobalSection
	GlobalSection(ProjectConfigurationPlatforms) = postSolution
		{81158D40-13DD-4D84-8C57-3484F9D86E27}.Debug|Any CPU.ActiveCfg = Debug|Any CPU
		{81158D40-13DD-4D84-8C57-3484F9D86E27}.Debug|Any CPU.Build.0 = Debug|Any CPU
		{81158D40-13DD-4D84-8C57-3484F9D86E27}.Release|Any CPU.ActiveCfg = Release|Any CPU
		{81158D40-13DD-4D84-8C57-3484F9D86E27}.Release|Any CPU.Build.0 = Release|Any CPU
	EndGlobalSection
	GlobalSection(SolutionProperties) = preSolution
		HideSolutionNode = FALSE
	EndGlobalSection
	GlobalSection(ExtensibilityGlobals) = postSolution
		SolutionGuid = {BF4A8043-C20A-4F97-9A68-79D8C2D2F872}
	EndGlobalSection
EndGlobal
